// !$*UTF8*$!
{
	archiveVersion = 1;
	classes = {
	};
	objectVersion = 56;
	objects = {

/* Begin PBXBuildFile section */
		F6436DC62B22950D003BE983 /* Errors.swift in Sources */ = {isa = PBXBuildFile; fileRef = F6436DC52B22950D003BE983 /* Errors.swift */; };
		F6B5D3182B2173AC006A560F /* NewslyApp.swift in Sources */ = {isa = PBXBuildFile; fileRef = F6B5D3172B2173AC006A560F /* NewslyApp.swift */; };
		F6B5D31A2B2173AC006A560F /* ContentView.swift in Sources */ = {isa = PBXBuildFile; fileRef = F6B5D3192B2173AC006A560F /* ContentView.swift */; };
		F6B5D31C2B2173AD006A560F /* Assets.xcassets in Resources */ = {isa = PBXBuildFile; fileRef = F6B5D31B2B2173AD006A560F /* Assets.xcassets */; };
		F6B5D3202B2173AD006A560F /* Preview Assets.xcassets in Resources */ = {isa = PBXBuildFile; fileRef = F6B5D31F2B2173AD006A560F /* Preview Assets.xcassets */; };
		F6B5D3332B21751A006A560F /* Bookmarks.swift in Sources */ = {isa = PBXBuildFile; fileRef = F6B5D3322B21751A006A560F /* Bookmarks.swift */; };
		F6B5D3352B217525006A560F /* Settings.swift in Sources */ = {isa = PBXBuildFile; fileRef = F6B5D3342B217525006A560F /* Settings.swift */; };
		F6B5D3372B217544006A560F /* Article.swift in Sources */ = {isa = PBXBuildFile; fileRef = F6B5D3362B217544006A560F /* Article.swift */; };
		F6B5D3392B2175C6006A560F /* DataController.swift in Sources */ = {isa = PBXBuildFile; fileRef = F6B5D3382B2175C6006A560F /* DataController.swift */; };
		F6B5D33C2B217600006A560F /* User.xcdatamodeld in Sources */ = {isa = PBXBuildFile; fileRef = F6B5D33A2B217600006A560F /* User.xcdatamodeld */; };
		F6B5D33E2B2176B1006A560F /* TestView.swift in Sources */ = {isa = PBXBuildFile; fileRef = F6B5D33D2B2176B1006A560F /* TestView.swift */; };
		F6B5D3422B2176F8006A560F /* Home.swift in Sources */ = {isa = PBXBuildFile; fileRef = F6B5D3412B2176F8006A560F /* Home.swift */; };
		F6B5D3482B217B55006A560F /* Search.swift in Sources */ = {isa = PBXBuildFile; fileRef = F6B5D3472B217B55006A560F /* Search.swift */; };
		F6C178D42B246EBC00DB9DE9 /* Categories.swift in Sources */ = {isa = PBXBuildFile; fileRef = F6C178D32B246EBC00DB9DE9 /* Categories.swift */; };
/* End PBXBuildFile section */

/* Begin PBXFileReference section */
		F6436DC52B22950D003BE983 /* Errors.swift */ = {isa = PBXFileReference; lastKnownFileType = sourcecode.swift; path = Errors.swift; sourceTree = "<group>"; };
		F6B5D3142B2173AC006A560F /* Newsly.app */ = {isa = PBXFileReference; explicitFileType = wrapper.application; includeInIndex = 0; path = Newsly.app; sourceTree = BUILT_PRODUCTS_DIR; };
		F6B5D3172B2173AC006A560F /* NewslyApp.swift */ = {isa = PBXFileReference; lastKnownFileType = sourcecode.swift; path = NewslyApp.swift; sourceTree = "<group>"; };
		F6B5D3192B2173AC006A560F /* ContentView.swift */ = {isa = PBXFileReference; lastKnownFileType = sourcecode.swift; path = ContentView.swift; sourceTree = "<group>"; };
		F6B5D31B2B2173AD006A560F /* Assets.xcassets */ = {isa = PBXFileReference; lastKnownFileType = folder.assetcatalog; path = Assets.xcassets; sourceTree = "<group>"; };
		F6B5D31D2B2173AD006A560F /* Newsly.entitlements */ = {isa = PBXFileReference; lastKnownFileType = text.plist.entitlements; path = Newsly.entitlements; sourceTree = "<group>"; };
		F6B5D31F2B2173AD006A560F /* Preview Assets.xcassets */ = {isa = PBXFileReference; lastKnownFileType = folder.assetcatalog; path = "Preview Assets.xcassets"; sourceTree = "<group>"; };
		F6B5D3322B21751A006A560F /* Bookmarks.swift */ = {isa = PBXFileReference; lastKnownFileType = sourcecode.swift; path = Bookmarks.swift; sourceTree = "<group>"; };
		F6B5D3342B217525006A560F /* Settings.swift */ = {isa = PBXFileReference; lastKnownFileType = sourcecode.swift; path = Settings.swift; sourceTree = "<group>"; };
		F6B5D3362B217544006A560F /* Article.swift */ = {isa = PBXFileReference; fileEncoding = 4; lastKnownFileType = sourcecode.swift; path = Article.swift; sourceTree = "<group>"; };
		F6B5D3382B2175C6006A560F /* DataController.swift */ = {isa = PBXFileReference; lastKnownFileType = sourcecode.swift; path = DataController.swift; sourceTree = "<group>"; };
		F6B5D33B2B217600006A560F /* User.xcdatamodel */ = {isa = PBXFileReference; lastKnownFileType = wrapper.xcdatamodel; path = User.xcdatamodel; sourceTree = "<group>"; };
		F6B5D33D2B2176B1006A560F /* TestView.swift */ = {isa = PBXFileReference; fileEncoding = 4; lastKnownFileType = sourcecode.swift; path = TestView.swift; sourceTree = "<group>"; };
		F6B5D3412B2176F8006A560F /* Home.swift */ = {isa = PBXFileReference; fileEncoding = 4; lastKnownFileType = sourcecode.swift; path = Home.swift; sourceTree = "<group>"; };
		F6B5D3472B217B55006A560F /* Search.swift */ = {isa = PBXFileReference; fileEncoding = 4; lastKnownFileType = sourcecode.swift; path = Search.swift; sourceTree = "<group>"; };
		F6C178D32B246EBC00DB9DE9 /* Categories.swift */ = {isa = PBXFileReference; lastKnownFileType = sourcecode.swift; path = Categories.swift; sourceTree = "<group>"; };
/* End PBXFileReference section */

/* Begin PBXFrameworksBuildPhase section */
		F6B5D3112B2173AC006A560F /* Frameworks */ = {
			isa = PBXFrameworksBuildPhase;
			buildActionMask = 2147483647;
			files = (
			);
			runOnlyForDeploymentPostprocessing = 0;
		};
/* End PBXFrameworksBuildPhase section */

/* Begin PBXGroup section */
		F6B5D30B2B2173AC006A560F = {
			isa = PBXGroup;
			children = (
				F6B5D3162B2173AC006A560F /* Newsly */,
				F6B5D3152B2173AC006A560F /* Products */,
			);
			sourceTree = "<group>";
		};
		F6B5D3152B2173AC006A560F /* Products */ = {
			isa = PBXGroup;
			children = (
				F6B5D3142B2173AC006A560F /* Newsly.app */,
			);
			name = Products;
			sourceTree = "<group>";
		};
		F6B5D3162B2173AC006A560F /* Newsly */ = {
			isa = PBXGroup;
			children = (
				F6B5D3172B2173AC006A560F /* NewslyApp.swift */,
				F6B5D3382B2175C6006A560F /* DataController.swift */,
				F6B5D3192B2173AC006A560F /* ContentView.swift */,
				F6B5D33A2B217600006A560F /* User.xcdatamodeld */,
				F6B5D31B2B2173AD006A560F /* Assets.xcassets */,
				F6B5D31D2B2173AD006A560F /* Newsly.entitlements */,
				F6B5D3282B217456006A560F /* Views */,
				F6B5D32A2B217469006A560F /* Model */,
				F6B5D31E2B2173AD006A560F /* Preview Content */,
			);
			path = Newsly;
			sourceTree = "<group>";
		};
		F6B5D31E2B2173AD006A560F /* Preview Content */ = {
			isa = PBXGroup;
			children = (
				F6B5D31F2B2173AD006A560F /* Preview Assets.xcassets */,
			);
			path = "Preview Content";
			sourceTree = "<group>";
		};
		F6B5D3282B217456006A560F /* Views */ = {
			isa = PBXGroup;
			children = (
				F6B5D33D2B2176B1006A560F /* TestView.swift */,
				F6B5D3412B2176F8006A560F /* Home.swift */,
				F6C178D32B246EBC00DB9DE9 /* Categories.swift */,
				F6B5D3472B217B55006A560F /* Search.swift */,
				F6B5D3322B21751A006A560F /* Bookmarks.swift */,
				F6B5D3342B217525006A560F /* Settings.swift */,
			);
			path = Views;
			sourceTree = "<group>";
		};
		F6B5D32A2B217469006A560F /* Model */ = {
			isa = PBXGroup;
			children = (
				F6B5D3362B217544006A560F /* Article.swift */,
				F6436DC52B22950D003BE983 /* Errors.swift */,
			);
			path = Model;
			sourceTree = "<group>";
		};
/* End PBXGroup section */

/* Begin PBXNativeTarget section */
		F6B5D3132B2173AC006A560F /* Newsly */ = {
			isa = PBXNativeTarget;
			buildConfigurationList = F6B5D3232B2173AD006A560F /* Build configuration list for PBXNativeTarget "Newsly" */;
			buildPhases = (
				F6B5D3102B2173AC006A560F /* Sources */,
				F6B5D3112B2173AC006A560F /* Frameworks */,
				F6B5D3122B2173AC006A560F /* Resources */,
			);
			buildRules = (
			);
			dependencies = (
			);
			name = Newsly;
			productName = Newsly;
			productReference = F6B5D3142B2173AC006A560F /* Newsly.app */;
			productType = "com.apple.product-type.application";
		};
/* End PBXNativeTarget section */

/* Begin PBXProject section */
		F6B5D30C2B2173AC006A560F /* Project object */ = {
			isa = PBXProject;
			attributes = {
				BuildIndependentTargetsInParallel = 1;
				LastSwiftUpdateCheck = 1500;
				LastUpgradeCheck = 1500;
				TargetAttributes = {
					F6B5D3132B2173AC006A560F = {
						CreatedOnToolsVersion = 15.0.1;
					};
				};
			};
			buildConfigurationList = F6B5D30F2B2173AC006A560F /* Build configuration list for PBXProject "Newsly" */;
			compatibilityVersion = "Xcode 14.0";
			developmentRegion = en;
			hasScannedForEncodings = 0;
			knownRegions = (
				en,
				Base,
			);
			mainGroup = F6B5D30B2B2173AC006A560F;
			productRefGroup = F6B5D3152B2173AC006A560F /* Products */;
			projectDirPath = "";
			projectRoot = "";
			targets = (
				F6B5D3132B2173AC006A560F /* Newsly */,
			);
		};
/* End PBXProject section */

/* Begin PBXResourcesBuildPhase section */
		F6B5D3122B2173AC006A560F /* Resources */ = {
			isa = PBXResourcesBuildPhase;
			buildActionMask = 2147483647;
			files = (
				F6B5D3202B2173AD006A560F /* Preview Assets.xcassets in Resources */,
				F6B5D31C2B2173AD006A560F /* Assets.xcassets in Resources */,
			);
			runOnlyForDeploymentPostprocessing = 0;
		};
/* End PBXResourcesBuildPhase section */

/* Begin PBXSourcesBuildPhase section */
		F6B5D3102B2173AC006A560F /* Sources */ = {
			isa = PBXSourcesBuildPhase;
			buildActionMask = 2147483647;
			files = (
				F6B5D3372B217544006A560F /* Article.swift in Sources */,
				F6B5D3352B217525006A560F /* Settings.swift in Sources */,
				F6B5D3482B217B55006A560F /* Search.swift in Sources */,
				F6B5D31A2B2173AC006A560F /* ContentView.swift in Sources */,
				F6436DC62B22950D003BE983 /* Errors.swift in Sources */,
				F6C178D42B246EBC00DB9DE9 /* Categories.swift in Sources */,
				F6B5D3332B21751A006A560F /* Bookmarks.swift in Sources */,
				F6B5D3392B2175C6006A560F /* DataController.swift in Sources */,
				F6B5D33E2B2176B1006A560F /* TestView.swift in Sources */,
				F6B5D33C2B217600006A560F /* User.xcdatamodeld in Sources */,
				F6B5D3422B2176F8006A560F /* Home.swift in Sources */,
				F6B5D3182B2173AC006A560F /* NewslyApp.swift in Sources */,
			);
			runOnlyForDeploymentPostprocessing = 0;
		};
/* End PBXSourcesBuildPhase section */

/* Begin XCBuildConfiguration section */
		F6B5D3212B2173AD006A560F /* Debug */ = {
			isa = XCBuildConfiguration;
			buildSettings = {
				ALWAYS_SEARCH_USER_PATHS = NO;
				ASSETCATALOG_COMPILER_GENERATE_SWIFT_ASSET_SYMBOL_EXTENSIONS = YES;
				CLANG_ANALYZER_NONNULL = YES;
				CLANG_ANALYZER_NUMBER_OBJECT_CONVERSION = YES_AGGRESSIVE;
				CLANG_CXX_LANGUAGE_STANDARD = "gnu++20";
				CLANG_ENABLE_MODULES = YES;
				CLANG_ENABLE_OBJC_ARC = YES;
				CLANG_ENABLE_OBJC_WEAK = YES;
				CLANG_WARN_BLOCK_CAPTURE_AUTORELEASING = YES;
				CLANG_WARN_BOOL_CONVERSION = YES;
				CLANG_WARN_COMMA = YES;
				CLANG_WARN_CONSTANT_CONVERSION = YES;
				CLANG_WARN_DEPRECATED_OBJC_IMPLEMENTATIONS = YES;
				CLANG_WARN_DIRECT_OBJC_ISA_USAGE = YES_ERROR;
				CLANG_WARN_DOCUMENTATION_COMMENTS = YES;
				CLANG_WARN_EMPTY_BODY = YES;
				CLANG_WARN_ENUM_CONVERSION = YES;
				CLANG_WARN_INFINITE_RECURSION = YES;
				CLANG_WARN_INT_CONVERSION = YES;
				CLANG_WARN_NON_LITERAL_NULL_CONVERSION = YES;
				CLANG_WARN_OBJC_IMPLICIT_RETAIN_SELF = YES;
				CLANG_WARN_OBJC_LITERAL_CONVERSION = YES;
				CLANG_WARN_OBJC_ROOT_CLASS = YES_ERROR;
				CLANG_WARN_QUOTED_INCLUDE_IN_FRAMEWORK_HEADER = YES;
				CLANG_WARN_RANGE_LOOP_ANALYSIS = YES;
				CLANG_WARN_STRICT_PROTOTYPES = YES;
				CLANG_WARN_SUSPICIOUS_MOVE = YES;
				CLANG_WARN_UNGUARDED_AVAILABILITY = YES_AGGRESSIVE;
				CLANG_WARN_UNREACHABLE_CODE = YES;
				CLANG_WARN__DUPLICATE_METHOD_MATCH = YES;
				COPY_PHASE_STRIP = NO;
				DEBUG_INFORMATION_FORMAT = dwarf;
				ENABLE_STRICT_OBJC_MSGSEND = YES;
				ENABLE_TESTABILITY = YES;
				ENABLE_USER_SCRIPT_SANDBOXING = YES;
				GCC_C_LANGUAGE_STANDARD = gnu17;
				GCC_DYNAMIC_NO_PIC = NO;
				GCC_NO_COMMON_BLOCKS = YES;
				GCC_OPTIMIZATION_LEVEL = 0;
				GCC_PREPROCESSOR_DEFINITIONS = (
					"DEBUG=1",
					"$(inherited)",
				);
				GCC_WARN_64_TO_32_BIT_CONVERSION = YES;
				GCC_WARN_ABOUT_RETURN_TYPE = YES_ERROR;
				GCC_WARN_UNDECLARED_SELECTOR = YES;
				GCC_WARN_UNINITIALIZED_AUTOS = YES_AGGRESSIVE;
				GCC_WARN_UNUSED_FUNCTION = YES;
				GCC_WARN_UNUSED_VARIABLE = YES;
				LOCALIZATION_PREFERS_STRING_CATALOGS = YES;
				MTL_ENABLE_DEBUG_INFO = INCLUDE_SOURCE;
				MTL_FAST_MATH = YES;
				ONLY_ACTIVE_ARCH = YES;
				SWIFT_ACTIVE_COMPILATION_CONDITIONS = "DEBUG $(inherited)";
				SWIFT_OPTIMIZATION_LEVEL = "-Onone";
			};
			name = Debug;
		};
		F6B5D3222B2173AD006A560F /* Release */ = {
			isa = XCBuildConfiguration;
			buildSettings = {
				ALWAYS_SEARCH_USER_PATHS = NO;
				ASSETCATALOG_COMPILER_GENERATE_SWIFT_ASSET_SYMBOL_EXTENSIONS = YES;
				CLANG_ANALYZER_NONNULL = YES;
				CLANG_ANALYZER_NUMBER_OBJECT_CONVERSION = YES_AGGRESSIVE;
				CLANG_CXX_LANGUAGE_STANDARD = "gnu++20";
				CLANG_ENABLE_MODULES = YES;
				CLANG_ENABLE_OBJC_ARC = YES;
				CLANG_ENABLE_OBJC_WEAK = YES;
				CLANG_WARN_BLOCK_CAPTURE_AUTORELEASING = YES;
				CLANG_WARN_BOOL_CONVERSION = YES;
				CLANG_WARN_COMMA = YES;
				CLANG_WARN_CONSTANT_CONVERSION = YES;
				CLANG_WARN_DEPRECATED_OBJC_IMPLEMENTATIONS = YES;
				CLANG_WARN_DIRECT_OBJC_ISA_USAGE = YES_ERROR;
				CLANG_WARN_DOCUMENTATION_COMMENTS = YES;
				CLANG_WARN_EMPTY_BODY = YES;
				CLANG_WARN_ENUM_CONVERSION = YES;
				CLANG_WARN_INFINITE_RECURSION = YES;
				CLANG_WARN_INT_CONVERSION = YES;
				CLANG_WARN_NON_LITERAL_NULL_CONVERSION = YES;
				CLANG_WARN_OBJC_IMPLICIT_RETAIN_SELF = YES;
				CLANG_WARN_OBJC_LITERAL_CONVERSION = YES;
				CLANG_WARN_OBJC_ROOT_CLASS = YES_ERROR;
				CLANG_WARN_QUOTED_INCLUDE_IN_FRAMEWORK_HEADER = YES;
				CLANG_WARN_RANGE_LOOP_ANALYSIS = YES;
				CLANG_WARN_STRICT_PROTOTYPES = YES;
				CLANG_WARN_SUSPICIOUS_MOVE = YES;
				CLANG_WARN_UNGUARDED_AVAILABILITY = YES_AGGRESSIVE;
				CLANG_WARN_UNREACHABLE_CODE = YES;
				CLANG_WARN__DUPLICATE_METHOD_MATCH = YES;
				COPY_PHASE_STRIP = NO;
				DEBUG_INFORMATION_FORMAT = "dwarf-with-dsym";
				ENABLE_NS_ASSERTIONS = NO;
				ENABLE_STRICT_OBJC_MSGSEND = YES;
				ENABLE_USER_SCRIPT_SANDBOXING = YES;
				GCC_C_LANGUAGE_STANDARD = gnu17;
				GCC_NO_COMMON_BLOCKS = YES;
				GCC_WARN_64_TO_32_BIT_CONVERSION = YES;
				GCC_WARN_ABOUT_RETURN_TYPE = YES_ERROR;
				GCC_WARN_UNDECLARED_SELECTOR = YES;
				GCC_WARN_UNINITIALIZED_AUTOS = YES_AGGRESSIVE;
				GCC_WARN_UNUSED_FUNCTION = YES;
				GCC_WARN_UNUSED_VARIABLE = YES;
				LOCALIZATION_PREFERS_STRING_CATALOGS = YES;
				MTL_ENABLE_DEBUG_INFO = NO;
				MTL_FAST_MATH = YES;
				SWIFT_COMPILATION_MODE = wholemodule;
			};
			name = Release;
		};
		F6B5D3242B2173AD006A560F /* Debug */ = {
			isa = XCBuildConfiguration;
			buildSettings = {
				ASSETCATALOG_COMPILER_APPICON_NAME = AppIcon;
				ASSETCATALOG_COMPILER_GLOBAL_ACCENT_COLOR_NAME = AccentColor;
				CODE_SIGN_ENTITLEMENTS = Newsly/Newsly.entitlements;
				CODE_SIGN_STYLE = Automatic;
				CURRENT_PROJECT_VERSION = 1;
				DEVELOPMENT_ASSET_PATHS = "\"Newsly/Preview Content\"";
				ENABLE_PREVIEWS = YES;
				GENERATE_INFOPLIST_FILE = YES;
				"INFOPLIST_KEY_UIApplicationSceneManifest_Generation[sdk=iphoneos*]" = YES;
				"INFOPLIST_KEY_UIApplicationSceneManifest_Generation[sdk=iphonesimulator*]" = YES;
				"INFOPLIST_KEY_UIApplicationSupportsIndirectInputEvents[sdk=iphoneos*]" = YES;
				"INFOPLIST_KEY_UIApplicationSupportsIndirectInputEvents[sdk=iphonesimulator*]" = YES;
				"INFOPLIST_KEY_UILaunchScreen_Generation[sdk=iphoneos*]" = YES;
				"INFOPLIST_KEY_UILaunchScreen_Generation[sdk=iphonesimulator*]" = YES;
				"INFOPLIST_KEY_UIStatusBarStyle[sdk=iphoneos*]" = UIStatusBarStyleDefault;
				"INFOPLIST_KEY_UIStatusBarStyle[sdk=iphonesimulator*]" = UIStatusBarStyleDefault;
				INFOPLIST_KEY_UISupportedInterfaceOrientations_iPad = "UIInterfaceOrientationPortrait UIInterfaceOrientationPortraitUpsideDown UIInterfaceOrientationLandscapeLeft UIInterfaceOrientationLandscapeRight";
				INFOPLIST_KEY_UISupportedInterfaceOrientations_iPhone = "UIInterfaceOrientationPortrait UIInterfaceOrientationLandscapeLeft UIInterfaceOrientationLandscapeRight";
				IPHONEOS_DEPLOYMENT_TARGET = 17.0;
				LD_RUNPATH_SEARCH_PATHS = "@executable_path/Frameworks";
				"LD_RUNPATH_SEARCH_PATHS[sdk=macosx*]" = "@executable_path/../Frameworks";
				MACOSX_DEPLOYMENT_TARGET = 14.0;
				MARKETING_VERSION = 1.0;
				PRODUCT_BUNDLE_IDENTIFIER = "Trevor-Henrich.Newsly";
				PRODUCT_NAME = "$(TARGET_NAME)";
				SDKROOT = auto;
				SUPPORTED_PLATFORMS = "iphoneos iphonesimulator macosx";
				SWIFT_EMIT_LOC_STRINGS = YES;
				SWIFT_VERSION = 5.0;
				TARGETED_DEVICE_FAMILY = "1,2";
			};
			name = Debug;
		};
		F6B5D3252B2173AD006A560F /* Release */ = {
			isa = XCBuildConfiguration;
			buildSettings = {
				ASSETCATALOG_COMPILER_APPICON_NAME = AppIcon;
				ASSETCATALOG_COMPILER_GLOBAL_ACCENT_COLOR_NAME = AccentColor;
				CODE_SIGN_ENTITLEMENTS = Newsly/Newsly.entitlements;
				CODE_SIGN_STYLE = Automatic;
				CURRENT_PROJECT_VERSION = 1;
				DEVELOPMENT_ASSET_PATHS = "\"Newsly/Preview Content\"";
				ENABLE_PREVIEWS = YES;
				GENERATE_INFOPLIST_FILE = YES;
				"INFOPLIST_KEY_UIApplicationSceneManifest_Generation[sdk=iphoneos*]" = YES;
				"INFOPLIST_KEY_UIApplicationSceneManifest_Generation[sdk=iphonesimulator*]" = YES;
				"INFOPLIST_KEY_UIApplicationSupportsIndirectInputEvents[sdk=iphoneos*]" = YES;
				"INFOPLIST_KEY_UIApplicationSupportsIndirectInputEvents[sdk=iphonesimulator*]" = YES;
				"INFOPLIST_KEY_UILaunchScreen_Generation[sdk=iphoneos*]" = YES;
				"INFOPLIST_KEY_UILaunchScreen_Generation[sdk=iphonesimulator*]" = YES;
				"INFOPLIST_KEY_UIStatusBarStyle[sdk=iphoneos*]" = UIStatusBarStyleDefault;
				"INFOPLIST_KEY_UIStatusBarStyle[sdk=iphonesimulator*]" = UIStatusBarStyleDefault;
				INFOPLIST_KEY_UISupportedInterfaceOrientations_iPad = "UIInterfaceOrientationPortrait UIInterfaceOrientationPortraitUpsideDown UIInterfaceOrientationLandscapeLeft UIInterfaceOrientationLandscapeRight";
				INFOPLIST_KEY_UISupportedInterfaceOrientations_iPhone = "UIInterfaceOrientationPortrait UIInterfaceOrientationLandscapeLeft UIInterfaceOrientationLandscapeRight";
				IPHONEOS_DEPLOYMENT_TARGET = 17.0;
				LD_RUNPATH_SEARCH_PATHS = "@executable_path/Frameworks";
				"LD_RUNPATH_SEARCH_PATHS[sdk=macosx*]" = "@executable_path/../Frameworks";
				MACOSX_DEPLOYMENT_TARGET = 14.0;
				MARKETING_VERSION = 1.0;
				PRODUCT_BUNDLE_IDENTIFIER = "Trevor-Henrich.Newsly";
				PRODUCT_NAME = "$(TARGET_NAME)";
				SDKROOT = auto;
				SUPPORTED_PLATFORMS = "iphoneos iphonesimulator macosx";
				SWIFT_EMIT_LOC_STRINGS = YES;
				SWIFT_VERSION = 5.0;
				TARGETED_DEVICE_FAMILY = "1,2";
			};
			name = Release;
		};
/* End XCBuildConfiguration section */

/* Begin XCConfigurationList section */
		F6B5D30F2B2173AC006A560F /* Build configuration list for PBXProject "Newsly" */ = {
			isa = XCConfigurationList;
			buildConfigurations = (
				F6B5D3212B2173AD006A560F /* Debug */,
				F6B5D3222B2173AD006A560F /* Release */,
			);
			defaultConfigurationIsVisible = 0;
			defaultConfigurationName = Release;
		};
		F6B5D3232B2173AD006A560F /* Build configuration list for PBXNativeTarget "Newsly" */ = {
			isa = XCConfigurationList;
			buildConfigurations = (
				F6B5D3242B2173AD006A560F /* Debug */,
				F6B5D3252B2173AD006A560F /* Release */,
			);
			defaultConfigurationIsVisible = 0;
			defaultConfigurationName = Release;
		};
/* End XCConfigurationList section */

/* Begin XCVersionGroup section */
		F6B5D33A2B217600006A560F /* User.xcdatamodeld */ = {
			isa = XCVersionGroup;
			children = (
				F6B5D33B2B217600006A560F /* User.xcdatamodel */,
			);
			currentVersion = F6B5D33B2B217600006A560F /* User.xcdatamodel */;
			path = User.xcdatamodeld;
			sourceTree = "<group>";
			versionGroupType = wrapper.xcdatamodel;
		};
/* End XCVersionGroup section */
	};
	rootObject = F6B5D30C2B2173AC006A560F /* Project object */;
}
